
Microsoft Visual Studio Solution File, Format Version 12.00
# Visual Studio Version 17
VisualStudioVersion = 17.12.35521.163
MinimumVisualStudioVersion = 10.0.40219.1
Project("{FAE04EC0-301F-11D3-BF4B-00C04F79EFBC}") = "HOR0552", "HOR0552\HOR0552.csproj", "{6E76649D-F1B3-4074-A21A-5BD8A4AC6292}"
EndProject
Project("{2150E333-8FDC-42A3-9474-1A3956D46DE8}") = "Solution Items", "Solution Items", "{8FEBEB62-86B8-496C-B782-C9323E6DF1E6}"
	ProjectSection(SolutionItems) = preProject
		HOR0552\HOR0552.csproj.user = HOR0552\HOR0552.csproj.user
	EndProjectSection
EndProject
Global
	GlobalSection(SolutionConfigurationPlatforms) = preSolution
		Debug|Any CPU = Debug|Any CPU
		Release|Any CPU = Release|Any CPU
	EndGlobalSection
	GlobalSection(ProjectConfigurationPlatforms) = postSolution
		{6E76649D-F1B3-4074-A21A-5BD8A4AC6292}.Debug|Any CPU.ActiveCfg = Debug|Any CPU
		{6E76649D-F1B3-4074-A21A-5BD8A4AC6292}.Debug|Any CPU.Build.0 = Debug|Any CPU
		{6E76649D-F1B3-4074-A21A-5BD8A4AC6292}.Debug|Any CPU.Deploy.0 = Debug|Any CPU
		{6E76649D-F1B3-4074-A21A-5BD8A4AC6292}.Release|Any CPU.ActiveCfg = Release|Any CPU
		{6E76649D-F1B3-4074-A21A-5BD8A4AC6292}.Release|Any CPU.Build.0 = Release|Any CPU
		{6E76649D-F1B3-4074-A21A-5BD8A4AC6292}.Release|Any CPU.Deploy.0 = Release|Any CPU
	EndGlobalSection
	GlobalSection(SolutionProperties) = preSolution
		HideSolutionNode = FALSE
	EndGlobalSection
	GlobalSection(ExtensibilityGlobals) = postSolution
		SolutionGuid = {C4E04415-5441-456C-8CC8-D80D8227B354}
	EndGlobalSection
EndGlobal
